
Microsoft Visual Studio Solution File, Format Version 12.00
# Visual Studio Version 16
VisualStudioVersion = 16.0.31613.86
MinimumVisualStudioVersion = 10.0.40219.1
Project("{FAE04EC0-301F-11D3-BF4B-00C04F79EFBC}") = "HW6Project2", "HW6Project2\HW6Project2.csproj", "{BB5979F9-B7C6-4519-A9B0-416D10F1E522}"
EndProject
Global
	GlobalSection(SolutionConfigurationPlatforms) = preSolution
		Debug|Any CPU = Debug|Any CPU
		Release|Any CPU = Release|Any CPU
	EndGlobalSection
	GlobalSection(ProjectConfigurationPlatforms) = postSolution
		{BB5979F9-B7C6-4519-A9B0-416D10F1E522}.Debug|Any CPU.ActiveCfg = Debug|Any CPU
		{BB5979F9-B7C6-4519-A9B0-416D10F1E522}.Debug|Any CPU.Build.0 = Debug|Any CPU
		{BB5979F9-B7C6-4519-A9B0-416D10F1E522}.Release|Any CPU.ActiveCfg = Release|Any CPU
		{BB5979F9-B7C6-4519-A9B0-416D10F1E522}.Release|Any CPU.Build.0 = Release|Any CPU
	EndGlobalSection
	GlobalSection(SolutionProperties) = preSolution
		HideSolutionNode = FALSE
	EndGlobalSection
	GlobalSection(ExtensibilityGlobals) = postSolution
		SolutionGuid = {7F51ACE6-B8C2-47B5-B784-F61963252B0F}
	EndGlobalSection
EndGlobal
